
Microsoft Visual Studio Solution File, Format Version 12.00
# Visual Studio Version 17
VisualStudioVersion = 17.3.32929.385
MinimumVisualStudioVersion = 10.0.40219.1
Project("{FAE04EC0-301F-11D3-BF4B-00C04F79EFBC}") = "Second-Hand-Clothes-Management-Project", "Second-Hand-Clothes-Management-Project\Second-Hand-Clothes-Management-Project.csproj", "{A0AF2329-20B8-4DF7-A840-5120BDBC302D}"
EndProject
Global
	GlobalSection(SolutionConfigurationPlatforms) = preSolution
		Debug|Any CPU = Debug|Any CPU
		Release|Any CPU = Release|Any CPU
	EndGlobalSection
	GlobalSection(ProjectConfigurationPlatforms) = postSolution
		{A0AF2329-20B8-4DF7-A840-5120BDBC302D}.Debug|Any CPU.ActiveCfg = Debug|Any CPU
		{A0AF2329-20B8-4DF7-A840-5120BDBC302D}.Debug|Any CPU.Build.0 = Debug|Any CPU
		{A0AF2329-20B8-4DF7-A840-5120BDBC302D}.Release|Any CPU.ActiveCfg = Release|Any CPU
		{A0AF2329-20B8-4DF7-A840-5120BDBC302D}.Release|Any CPU.Build.0 = Release|Any CPU
	EndGlobalSection
	GlobalSection(SolutionProperties) = preSolution
		HideSolutionNode = FALSE
	EndGlobalSection
	GlobalSection(ExtensibilityGlobals) = postSolution
		SolutionGuid = {58BD44F3-CE7A-4C03-BD2F-1859C751390C}
	EndGlobalSection
EndGlobal
